
Microsoft Visual Studio Solution File, Format Version 12.00
# Visual Studio Version 17
VisualStudioVersion = 17.7.34009.444
MinimumVisualStudioVersion = 10.0.40219.1
Project("{FAE04EC0-301F-11D3-BF4B-00C04F79EFBC}") = "ChawlaClinic-API", "ChawlaClinic-API\ChawlaClinic-API.csproj", "{CBA3FE71-03B7-404D-8994-9A70F4748BB9}"
EndProject
Project("{FAE04EC0-301F-11D3-BF4B-00C04F79EFBC}") = "ChawlaClinic-DAL", "ChawlaClinic-DAL\ChawlaClinic-DAL.csproj", "{5ECE6843-7868-4F27-8821-31B5089EA939}"
EndProject
Project("{FAE04EC0-301F-11D3-BF4B-00C04F79EFBC}") = "ChawlaClinic-BL", "ChawlaClinic-BL\ChawlaClinic-BL.csproj", "{72D555A6-B9FD-4311-B0A7-386581DA4B69}"
EndProject
Project("{FAE04EC0-301F-11D3-BF4B-00C04F79EFBC}") = "ChawlaClinic-Common", "ChawlaClinic-Common\ChawlaClinic-Common.csproj", "{5136B777-C2A4-4210-9861-8E595AE89C3F}"
EndProject
Global
	GlobalSection(SolutionConfigurationPlatforms) = preSolution
		Debug|Any CPU = Debug|Any CPU
		Release|Any CPU = Release|Any CPU
	EndGlobalSection
	GlobalSection(ProjectConfigurationPlatforms) = postSolution
		{CBA3FE71-03B7-404D-8994-9A70F4748BB9}.Debug|Any CPU.ActiveCfg = Debug|Any CPU
		{CBA3FE71-03B7-404D-8994-9A70F4748BB9}.Debug|Any CPU.Build.0 = Debug|Any CPU
		{CBA3FE71-03B7-404D-8994-9A70F4748BB9}.Release|Any CPU.ActiveCfg = Release|Any CPU
		{CBA3FE71-03B7-404D-8994-9A70F4748BB9}.Release|Any CPU.Build.0 = Release|Any CPU
		{5ECE6843-7868-4F27-8821-31B5089EA939}.Debug|Any CPU.ActiveCfg = Debug|Any CPU
		{5ECE6843-7868-4F27-8821-31B5089EA939}.Debug|Any CPU.Build.0 = Debug|Any CPU
		{5ECE6843-7868-4F27-8821-31B5089EA939}.Release|Any CPU.ActiveCfg = Release|Any CPU
		{5ECE6843-7868-4F27-8821-31B5089EA939}.Release|Any CPU.Build.0 = Release|Any CPU
		{72D555A6-B9FD-4311-B0A7-386581DA4B69}.Debug|Any CPU.ActiveCfg = Debug|Any CPU
		{72D555A6-B9FD-4311-B0A7-386581DA4B69}.Debug|Any CPU.Build.0 = Debug|Any CPU
		{72D555A6-B9FD-4311-B0A7-386581DA4B69}.Release|Any CPU.ActiveCfg = Release|Any CPU
		{72D555A6-B9FD-4311-B0A7-386581DA4B69}.Release|Any CPU.Build.0 = Release|Any CPU
		{5136B777-C2A4-4210-9861-8E595AE89C3F}.Debug|Any CPU.ActiveCfg = Debug|Any CPU
		{5136B777-C2A4-4210-9861-8E595AE89C3F}.Debug|Any CPU.Build.0 = Debug|Any CPU
		{5136B777-C2A4-4210-9861-8E595AE89C3F}.Release|Any CPU.ActiveCfg = Release|Any CPU
		{5136B777-C2A4-4210-9861-8E595AE89C3F}.Release|Any CPU.Build.0 = Release|Any CPU
	EndGlobalSection
	GlobalSection(SolutionProperties) = preSolution
		HideSolutionNode = FALSE
	EndGlobalSection
	GlobalSection(ExtensibilityGlobals) = postSolution
		SolutionGuid = {0B856C42-CD17-4ECF-A59B-7FBA09C3B60F}
	EndGlobalSection
EndGlobal
